// !$*UTF8*$!
{
	archiveVersion = 1;
	classes = {
	};
	objectVersion = 55;
	objects = {

/* Begin PBXBuildFile section */
		301506432870523800F0939F /* AppDelegate.swift in Sources */ = {isa = PBXBuildFile; fileRef = 301506422870523800F0939F /* AppDelegate.swift */; };
		301506452870523800F0939F /* SceneDelegate.swift in Sources */ = {isa = PBXBuildFile; fileRef = 301506442870523800F0939F /* SceneDelegate.swift */; };
		3015064A2870523800F0939F /* Main.storyboard in Resources */ = {isa = PBXBuildFile; fileRef = 301506482870523800F0939F /* Main.storyboard */; };
		3015064C2870524200F0939F /* Assets.xcassets in Resources */ = {isa = PBXBuildFile; fileRef = 3015064B2870524200F0939F /* Assets.xcassets */; };
		3015064F2870524200F0939F /* LaunchScreen.storyboard in Resources */ = {isa = PBXBuildFile; fileRef = 3015064D2870524200F0939F /* LaunchScreen.storyboard */; };
		30150657287083AF00F0939F /* LoginViewController.swift in Sources */ = {isa = PBXBuildFile; fileRef = 30150656287083AF00F0939F /* LoginViewController.swift */; };
		301506592870852100F0939F /* WelcomeViewController.swift in Sources */ = {isa = PBXBuildFile; fileRef = 301506582870852100F0939F /* WelcomeViewController.swift */; };
		301506802874C47E00F0939F /* UserData.swift in Sources */ = {isa = PBXBuildFile; fileRef = 3015067F2874C47E00F0939F /* UserData.swift */; };
		301506822875C04000F0939F /* PastViewController.swift in Sources */ = {isa = PBXBuildFile; fileRef = 301506812875C03F00F0939F /* PastViewController.swift */; };
		301506842875C08500F0939F /* PresentViewController.swift in Sources */ = {isa = PBXBuildFile; fileRef = 301506832875C08500F0939F /* PresentViewController.swift */; };
		301506862875D3B400F0939F /* TabBarViewController.swift in Sources */ = {isa = PBXBuildFile; fileRef = 301506852875D3B400F0939F /* TabBarViewController.swift */; };
/* End PBXBuildFile section */

/* Begin PBXFileReference section */
		3015063F2870523800F0939F /* LoginApp.app */ = {isa = PBXFileReference; explicitFileType = wrapper.application; includeInIndex = 0; path = LoginApp.app; sourceTree = BUILT_PRODUCTS_DIR; };
		301506422870523800F0939F /* AppDelegate.swift */ = {isa = PBXFileReference; lastKnownFileType = sourcecode.swift; path = AppDelegate.swift; sourceTree = "<group>"; };
		301506442870523800F0939F /* SceneDelegate.swift */ = {isa = PBXFileReference; lastKnownFileType = sourcecode.swift; path = SceneDelegate.swift; sourceTree = "<group>"; };
		301506492870523800F0939F /* Base */ = {isa = PBXFileReference; lastKnownFileType = file.storyboard; name = Base; path = Base.lproj/Main.storyboard; sourceTree = "<group>"; };
		3015064B2870524200F0939F /* Assets.xcassets */ = {isa = PBXFileReference; lastKnownFileType = folder.assetcatalog; path = Assets.xcassets; sourceTree = "<group>"; };
		3015064E2870524200F0939F /* Base */ = {isa = PBXFileReference; lastKnownFileType = file.storyboard; name = Base; path = Base.lproj/LaunchScreen.storyboard; sourceTree = "<group>"; };
		301506502870524200F0939F /* Info.plist */ = {isa = PBXFileReference; lastKnownFileType = text.plist.xml; path = Info.plist; sourceTree = "<group>"; };
		30150656287083AF00F0939F /* LoginViewController.swift */ = {isa = PBXFileReference; lastKnownFileType = sourcecode.swift; path = LoginViewController.swift; sourceTree = "<group>"; };
		301506582870852100F0939F /* WelcomeViewController.swift */ = {isa = PBXFileReference; lastKnownFileType = sourcecode.swift; path = WelcomeViewController.swift; sourceTree = "<group>"; };
		3015067F2874C47E00F0939F /* UserData.swift */ = {isa = PBXFileReference; lastKnownFileType = sourcecode.swift; path = UserData.swift; sourceTree = "<group>"; };
		301506812875C03F00F0939F /* PastViewController.swift */ = {isa = PBXFileReference; lastKnownFileType = sourcecode.swift; name = PastViewController.swift; path = LoginApp/ViewControllers/PastViewController.swift; sourceTree = SOURCE_ROOT; };
		301506832875C08500F0939F /* PresentViewController.swift */ = {isa = PBXFileReference; lastKnownFileType = sourcecode.swift; path = PresentViewController.swift; sourceTree = "<group>"; };
		301506852875D3B400F0939F /* TabBarViewController.swift */ = {isa = PBXFileReference; lastKnownFileType = sourcecode.swift; path = TabBarViewController.swift; sourceTree = "<group>"; };
/* End PBXFileReference section */

/* Begin PBXFrameworksBuildPhase section */
		3015063C2870523800F0939F /* Frameworks */ = {
			isa = PBXFrameworksBuildPhase;
			buildActionMask = 2147483647;
			files = (
			);
			runOnlyForDeploymentPostprocessing = 0;
		};
/* End PBXFrameworksBuildPhase section */

/* Begin PBXGroup section */
		301506362870523800F0939F = {
			isa = PBXGroup;
			children = (
				301506412870523800F0939F /* LoginApp */,
				301506402870523800F0939F /* Products */,
			);
			sourceTree = "<group>";
		};
		301506402870523800F0939F /* Products */ = {
			isa = PBXGroup;
			children = (
				3015063F2870523800F0939F /* LoginApp.app */,
			);
			name = Products;
			sourceTree = "<group>";
		};
		301506412870523800F0939F /* LoginApp */ = {
			isa = PBXGroup;
			children = (
				3015067B28749F9000F0939F /* ViewControllers */,
				3015067E2874A03F00F0939F /* Models */,
				3015067C28749FE500F0939F /* Stroryboards */,
				3015067A28749F6E00F0939F /* App */,
				3015067D28749FFF00F0939F /* Resources */,
			);
			path = LoginApp;
			sourceTree = "<group>";
		};
		3015067A28749F6E00F0939F /* App */ = {
			isa = PBXGroup;
			children = (
				301506422870523800F0939F /* AppDelegate.swift */,
				301506442870523800F0939F /* SceneDelegate.swift */,
				301506502870524200F0939F /* Info.plist */,
			);
			path = App;
			sourceTree = "<group>";
		};
		3015067B28749F9000F0939F /* ViewControllers */ = {
			isa = PBXGroup;
			children = (
				30150656287083AF00F0939F /* LoginViewController.swift */,
				301506852875D3B400F0939F /* TabBarViewController.swift */,
				301506582870852100F0939F /* WelcomeViewController.swift */,
				301506812875C03F00F0939F /* PastViewController.swift */,
				301506832875C08500F0939F /* PresentViewController.swift */,
			);
			path = ViewControllers;
			sourceTree = "<group>";
		};
		3015067C28749FE500F0939F /* Stroryboards */ = {
			isa = PBXGroup;
			children = (
				301506482870523800F0939F /* Main.storyboard */,
				3015064D2870524200F0939F /* LaunchScreen.storyboard */,
			);
			path = Stroryboards;
			sourceTree = "<group>";
		};
		3015067D28749FFF00F0939F /* Resources */ = {
			isa = PBXGroup;
			children = (
				3015064B2870524200F0939F /* Assets.xcassets */,
			);
			path = Resources;
			sourceTree = "<group>";
		};
		3015067E2874A03F00F0939F /* Models */ = {
			isa = PBXGroup;
			children = (
				3015067F2874C47E00F0939F /* UserData.swift */,
			);
			path = Models;
			sourceTree = "<group>";
		};
/* End PBXGroup section */

/* Begin PBXNativeTarget section */
		3015063E2870523800F0939F /* LoginApp */ = {
			isa = PBXNativeTarget;
			buildConfigurationList = 301506532870524200F0939F /* Build configuration list for PBXNativeTarget "LoginApp" */;
			buildPhases = (
				3015063B2870523800F0939F /* Sources */,
				3015063C2870523800F0939F /* Frameworks */,
				3015063D2870523800F0939F /* Resources */,
			);
			buildRules = (
			);
			dependencies = (
			);
			name = LoginApp;
			productName = LoginApp;
			productReference = 3015063F2870523800F0939F /* LoginApp.app */;
			productType = "com.apple.product-type.application";
		};
/* End PBXNativeTarget section */

/* Begin PBXProject section */
		301506372870523800F0939F /* Project object */ = {
			isa = PBXProject;
			attributes = {
				BuildIndependentTargetsInParallel = 1;
				LastSwiftUpdateCheck = 1340;
				LastUpgradeCheck = 1340;
				TargetAttributes = {
					3015063E2870523800F0939F = {
						CreatedOnToolsVersion = 13.4.1;
					};
				};
			};
			buildConfigurationList = 3015063A2870523800F0939F /* Build configuration list for PBXProject "LoginApp" */;
			compatibilityVersion = "Xcode 13.0";
			developmentRegion = en;
			hasScannedForEncodings = 0;
			knownRegions = (
				en,
				Base,
			);
			mainGroup = 301506362870523800F0939F;
			productRefGroup = 301506402870523800F0939F /* Products */;
			projectDirPath = "";
			projectRoot = "";
			targets = (
				3015063E2870523800F0939F /* LoginApp */,
			);
		};
/* End PBXProject section */

/* Begin PBXResourcesBuildPhase section */
		3015063D2870523800F0939F /* Resources */ = {
			isa = PBXResourcesBuildPhase;
			buildActionMask = 2147483647;
			files = (
				3015064F2870524200F0939F /* LaunchScreen.storyboard in Resources */,
				3015064C2870524200F0939F /* Assets.xcassets in Resources */,
				3015064A2870523800F0939F /* Main.storyboard in Resources */,
			);
			runOnlyForDeploymentPostprocessing = 0;
		};
/* End PBXResourcesBuildPhase section */

/* Begin PBXSourcesBuildPhase section */
		3015063B2870523800F0939F /* Sources */ = {
			isa = PBXSourcesBuildPhase;
			buildActionMask = 2147483647;
			files = (
				301506862875D3B400F0939F /* TabBarViewController.swift in Sources */,
				30150657287083AF00F0939F /* LoginViewController.swift in Sources */,
				301506842875C08500F0939F /* PresentViewController.swift in Sources */,
				301506432870523800F0939F /* AppDelegate.swift in Sources */,
				301506452870523800F0939F /* SceneDelegate.swift in Sources */,
				301506802874C47E00F0939F /* UserData.swift in Sources */,
				301506822875C04000F0939F /* PastViewController.swift in Sources */,
				301506592870852100F0939F /* WelcomeViewController.swift in Sources */,
			);
			runOnlyForDeploymentPostprocessing = 0;
		};
/* End PBXSourcesBuildPhase section */

/* Begin PBXVariantGroup section */
		301506482870523800F0939F /* Main.storyboard */ = {
			isa = PBXVariantGroup;
			children = (
				301506492870523800F0939F /* Base */,
			);
			name = Main.storyboard;
			sourceTree = "<group>";
		};
		3015064D2870524200F0939F /* LaunchScreen.storyboard */ = {
			isa = PBXVariantGroup;
			children = (
				3015064E2870524200F0939F /* Base */,
			);
			name = LaunchScreen.storyboard;
			sourceTree = "<group>";
		};
/* End PBXVariantGroup section */

/* Begin XCBuildConfiguration section */
		301506512870524200F0939F /* Debug */ = {
			isa = XCBuildConfiguration;
			buildSettings = {
				ALWAYS_SEARCH_USER_PATHS = NO;
				CLANG_ANALYZER_NONNULL = YES;
				CLANG_ANALYZER_NUMBER_OBJECT_CONVERSION = YES_AGGRESSIVE;
				CLANG_CXX_LANGUAGE_STANDARD = "gnu++17";
				CLANG_ENABLE_MODULES = YES;
				CLANG_ENABLE_OBJC_ARC = YES;
				CLANG_ENABLE_OBJC_WEAK = YES;
				CLANG_WARN_BLOCK_CAPTURE_AUTORELEASING = YES;
				CLANG_WARN_BOOL_CONVERSION = YES;
				CLANG_WARN_COMMA = YES;
				CLANG_WARN_CONSTANT_CONVERSION = YES;
				CLANG_WARN_DEPRECATED_OBJC_IMPLEMENTATIONS = YES;
				CLANG_WARN_DIRECT_OBJC_ISA_USAGE = YES_ERROR;
				CLANG_WARN_DOCUMENTATION_COMMENTS = YES;
				CLANG_WARN_EMPTY_BODY = YES;
				CLANG_WARN_ENUM_CONVERSION = YES;
				CLANG_WARN_INFINITE_RECURSION = YES;
				CLANG_WARN_INT_CONVERSION = YES;
				CLANG_WARN_NON_LITERAL_NULL_CONVERSION = YES;
				CLANG_WARN_OBJC_IMPLICIT_RETAIN_SELF = YES;
				CLANG_WARN_OBJC_LITERAL_CONVERSION = YES;
				CLANG_WARN_OBJC_ROOT_CLASS = YES_ERROR;
				CLANG_WARN_QUOTED_INCLUDE_IN_FRAMEWORK_HEADER = YES;
				CLANG_WARN_RANGE_LOOP_ANALYSIS = YES;
				CLANG_WARN_STRICT_PROTOTYPES = YES;
				CLANG_WARN_SUSPICIOUS_MOVE = YES;
				CLANG_WARN_UNGUARDED_AVAILABILITY = YES_AGGRESSIVE;
				CLANG_WARN_UNREACHABLE_CODE = YES;
				CLANG_WARN__DUPLICATE_METHOD_MATCH = YES;
				COPY_PHASE_STRIP = NO;
				DEBUG_INFORMATION_FORMAT = dwarf;
				ENABLE_STRICT_OBJC_MSGSEND = YES;
				ENABLE_TESTABILITY = YES;
				GCC_C_LANGUAGE_STANDARD = gnu11;
				GCC_DYNAMIC_NO_PIC = NO;
				GCC_NO_COMMON_BLOCKS = YES;
				GCC_OPTIMIZATION_LEVEL = 0;
				GCC_PREPROCESSOR_DEFINITIONS = (
					"DEBUG=1",
					"$(inherited)",
				);
				GCC_WARN_64_TO_32_BIT_CONVERSION = YES;
				GCC_WARN_ABOUT_RETURN_TYPE = YES_ERROR;
				GCC_WARN_UNDECLARED_SELECTOR = YES;
				GCC_WARN_UNINITIALIZED_AUTOS = YES_AGGRESSIVE;
				GCC_WARN_UNUSED_FUNCTION = YES;
				GCC_WARN_UNUSED_VARIABLE = YES;
				IPHONEOS_DEPLOYMENT_TARGET = 15.5;
				MTL_ENABLE_DEBUG_INFO = INCLUDE_SOURCE;
				MTL_FAST_MATH = YES;
				ONLY_ACTIVE_ARCH = YES;
				SDKROOT = iphoneos;
				SWIFT_ACTIVE_COMPILATION_CONDITIONS = DEBUG;
				SWIFT_OPTIMIZATION_LEVEL = "-Onone";
			};
			name = Debug;
		};
		301506522870524200F0939F /* Release */ = {
			isa = XCBuildConfiguration;
			buildSettings = {
				ALWAYS_SEARCH_USER_PATHS = NO;
				CLANG_ANALYZER_NONNULL = YES;
				CLANG_ANALYZER_NUMBER_OBJECT_CONVERSION = YES_AGGRESSIVE;
				CLANG_CXX_LANGUAGE_STANDARD = "gnu++17";
				CLANG_ENABLE_MODULES = YES;
				CLANG_ENABLE_OBJC_ARC = YES;
				CLANG_ENABLE_OBJC_WEAK = YES;
				CLANG_WARN_BLOCK_CAPTURE_AUTORELEASING = YES;
				CLANG_WARN_BOOL_CONVERSION = YES;
				CLANG_WARN_COMMA = YES;
				CLANG_WARN_CONSTANT_CONVERSION = YES;
				CLANG_WARN_DEPRECATED_OBJC_IMPLEMENTATIONS = YES;
				CLANG_WARN_DIRECT_OBJC_ISA_USAGE = YES_ERROR;
				CLANG_WARN_DOCUMENTATION_COMMENTS = YES;
				CLANG_WARN_EMPTY_BODY = YES;
				CLANG_WARN_ENUM_CONVERSION = YES;
				CLANG_WARN_INFINITE_RECURSION = YES;
				CLANG_WARN_INT_CONVERSION = YES;
				CLANG_WARN_NON_LITERAL_NULL_CONVERSION = YES;
				CLANG_WARN_OBJC_IMPLICIT_RETAIN_SELF = YES;
				CLANG_WARN_OBJC_LITERAL_CONVERSION = YES;
				CLANG_WARN_OBJC_ROOT_CLASS = YES_ERROR;
				CLANG_WARN_QUOTED_INCLUDE_IN_FRAMEWORK_HEADER = YES;
				CLANG_WARN_RANGE_LOOP_ANALYSIS = YES;
				CLANG_WARN_STRICT_PROTOTYPES = YES;
				CLANG_WARN_SUSPICIOUS_MOVE = YES;
				CLANG_WARN_UNGUARDED_AVAILABILITY = YES_AGGRESSIVE;
				CLANG_WARN_UNREACHABLE_CODE = YES;
				CLANG_WARN__DUPLICATE_METHOD_MATCH = YES;
				COPY_PHASE_STRIP = NO;
				DEBUG_INFORMATION_FORMAT = "dwarf-with-dsym";
				ENABLE_NS_ASSERTIONS = NO;
				ENABLE_STRICT_OBJC_MSGSEND = YES;
				GCC_C_LANGUAGE_STANDARD = gnu11;
				GCC_NO_COMMON_BLOCKS = YES;
				GCC_WARN_64_TO_32_BIT_CONVERSION = YES;
				GCC_WARN_ABOUT_RETURN_TYPE = YES_ERROR;
				GCC_WARN_UNDECLARED_SELECTOR = YES;
				GCC_WARN_UNINITIALIZED_AUTOS = YES_AGGRESSIVE;
				GCC_WARN_UNUSED_FUNCTION = YES;
				GCC_WARN_UNUSED_VARIABLE = YES;
				IPHONEOS_DEPLOYMENT_TARGET = 15.5;
				MTL_ENABLE_DEBUG_INFO = NO;
				MTL_FAST_MATH = YES;
				SDKROOT = iphoneos;
				SWIFT_COMPILATION_MODE = wholemodule;
				SWIFT_OPTIMIZATION_LEVEL = "-O";
				VALIDATE_PRODUCT = YES;
			};
			name = Release;
		};
		301506542870524200F0939F /* Debug */ = {
			isa = XCBuildConfiguration;
			buildSettings = {
				ASSETCATALOG_COMPILER_APPICON_NAME = AppIcon;
				ASSETCATALOG_COMPILER_GLOBAL_ACCENT_COLOR_NAME = AccentColor;
				CODE_SIGN_STYLE = Automatic;
				CURRENT_PROJECT_VERSION = 1;
				DEVELOPMENT_TEAM = M2L3X2RFT6;
				GENERATE_INFOPLIST_FILE = YES;
				INFOPLIST_FILE = LoginApp/App/Info.plist;
				INFOPLIST_KEY_UIApplicationSupportsIndirectInputEvents = YES;
				INFOPLIST_KEY_UILaunchStoryboardName = LaunchScreen;
				INFOPLIST_KEY_UIMainStoryboardFile = Main;
				INFOPLIST_KEY_UISupportedInterfaceOrientations = UIInterfaceOrientationPortrait;
				INFOPLIST_KEY_UISupportedInterfaceOrientations_iPad = "UIInterfaceOrientationPortrait UIInterfaceOrientationPortraitUpsideDown UIInterfaceOrientationLandscapeLeft UIInterfaceOrientationLandscapeRight";
				INFOPLIST_KEY_UISupportedInterfaceOrientations_iPhone = "UIInterfaceOrientationPortrait UIInterfaceOrientationLandscapeLeft UIInterfaceOrientationLandscapeRight";
				LD_RUNPATH_SEARCH_PATHS = (
					"$(inherited)",
					"@executable_path/Frameworks",
				);
				MARKETING_VERSION = 1.0;
				PRODUCT_BUNDLE_IDENTIFIER = iKorobov.LoginApp;
				PRODUCT_NAME = "$(TARGET_NAME)";
				SWIFT_EMIT_LOC_STRINGS = YES;
				SWIFT_VERSION = 5.0;
				TARGETED_DEVICE_FAMILY = 1;
			};
			name = Debug;
		};
		301506552870524200F0939F /* Release */ = {
			isa = XCBuildConfiguration;
			buildSettings = {
				ASSETCATALOG_COMPILER_APPICON_NAME = AppIcon;
				ASSETCATALOG_COMPILER_GLOBAL_ACCENT_COLOR_NAME = AccentColor;
				CODE_SIGN_STYLE = Automatic;
				CURRENT_PROJECT_VERSION = 1;
				DEVELOPMENT_TEAM = M2L3X2RFT6;
				GENERATE_INFOPLIST_FILE = YES;
				INFOPLIST_FILE = LoginApp/App/Info.plist;
				INFOPLIST_KEY_UIApplicationSupportsIndirectInputEvents = YES;
				INFOPLIST_KEY_UILaunchStoryboardName = LaunchScreen;
				INFOPLIST_KEY_UIMainStoryboardFile = Main;
				INFOPLIST_KEY_UISupportedInterfaceOrientations = UIInterfaceOrientationPortrait;
				INFOPLIST_KEY_UISupportedInterfaceOrientations_iPad = "UIInterfaceOrientationPortrait UIInterfaceOrientationPortraitUpsideDown UIInterfaceOrientationLandscapeLeft UIInterfaceOrientationLandscapeRight";
				INFOPLIST_KEY_UISupportedInterfaceOrientations_iPhone = "UIInterfaceOrientationPortrait UIInterfaceOrientationLandscapeLeft UIInterfaceOrientationLandscapeRight";
				LD_RUNPATH_SEARCH_PATHS = (
					"$(inherited)",
					"@executable_path/Frameworks",
				);
				MARKETING_VERSION = 1.0;
				PRODUCT_BUNDLE_IDENTIFIER = iKorobov.LoginApp;
				PRODUCT_NAME = "$(TARGET_NAME)";
				SWIFT_EMIT_LOC_STRINGS = YES;
				SWIFT_VERSION = 5.0;
				TARGETED_DEVICE_FAMILY = 1;
			};
			name = Release;
		};
/* End XCBuildConfiguration section */

/* Begin XCConfigurationList section */
		3015063A2870523800F0939F /* Build configuration list for PBXProject "LoginApp" */ = {
			isa = XCConfigurationList;
			buildConfigurations = (
				301506512870524200F0939F /* Debug */,
				301506522870524200F0939F /* Release */,
			);
			defaultConfigurationIsVisible = 0;
			defaultConfigurationName = Release;
		};
		301506532870524200F0939F /* Build configuration list for PBXNativeTarget "LoginApp" */ = {
			isa = XCConfigurationList;
			buildConfigurations = (
				301506542870524200F0939F /* Debug */,
				301506552870524200F0939F /* Release */,
			);
			defaultConfigurationIsVisible = 0;
			defaultConfigurationName = Release;
		};
/* End XCConfigurationList section */
	};
	rootObject = 301506372870523800F0939F /* Project object */;
}
